aioice==0.10.1
aiortc==1.13.0
av==14.4.0
certifi==2025.6.15
cffi==1.17.1
charset-normalizer==3.4.2
cryptography==45.0.4
dnspython==2.7.0
google-crc32c==1.7.1
idna==3.10
ifaddr==0.2.0
numpy==2.3.0
opencv-python==4.11.0.86
pip==25.1.1
pycparser==2.22
pyee==13.0.0
pylibsrtp==0.12.0
pyOpenSSL==25.1.0
PySide6==6.9.1
PySide6_Addons==6.9.1
PySide6_Essentials==6.9.1
requests==2.32.4
shiboken6==6.9.1
typing_extensions==4.14.0
urllib3==2.5.0
